
Microsoft Visual Studio Solution File, Format Version 12.00
# Visual Studio 15
VisualStudioVersion = 15.0.27703.2035
MinimumVisualStudioVersion = 10.0.40219.1
Project("{9A19103F-16F7-4668-BE54-9A1E7A4F7556}") = "WebAPI", "WebAPI\WebAPI.csproj", "{5DC81471-C015-4442-BD16-213A3AC1192D}"
EndProject
Project("{2150E333-8FDC-42A3-9474-1A3956D46DE8}") = "DataAccess", "DataAccess", "{2FABB14B-ED37-4E07-9D65-6F82936E3FEF}"
EndProject
Project("{2150E333-8FDC-42A3-9474-1A3956D46DE8}") = "Logic", "Logic", "{50E942B1-7924-40B1-BFEE-99E899653120}"
EndProject
Project("{9A19103F-16F7-4668-BE54-9A1E7A4F7556}") = "Repositories", "Repositories\Repositories.csproj", "{685360EB-0D9D-4518-8929-69FBAD98C38D}"
EndProject
Project("{9A19103F-16F7-4668-BE54-9A1E7A4F7556}") = "Repositories.Context", "Repositories.Context\Repositories.Context.csproj", "{27329A2E-DDBF-4219-9853-1655F0CD14DD}"
EndProject
Project("{9A19103F-16F7-4668-BE54-9A1E7A4F7556}") = "Repositories.Contract", "Repositories.Contract\Repositories.Contract.csproj", "{4BCBEC82-3AA1-4242-9165-1E2666F69611}"
EndProject
Project("{9A19103F-16F7-4668-BE54-9A1E7A4F7556}") = "UseCases", "UseCases\UseCases.csproj", "{51CB5E65-E7C7-4E4F-8339-161EA5E3A286}"
EndProject
Project("{9A19103F-16F7-4668-BE54-9A1E7A4F7556}") = "Common", "Common\Common.csproj", "{DCA775A6-BE76-4873-8CA5-E3576FEF08C7}"
EndProject
Project("{9A19103F-16F7-4668-BE54-9A1E7A4F7556}") = "Pipeline", "Pipeline\Pipeline.csproj", "{FCB767EE-7B07-4773-8987-90B11B55F140}"
EndProject
Project("{9A19103F-16F7-4668-BE54-9A1E7A4F7556}") = "Models", "Models\Models.csproj", "{CF330160-A140-48B3-AEAF-C39661170E39}"
EndProject
Project("{FAE04EC0-301F-11D3-BF4B-00C04F79EFBC}") = "Repositories.Entities", "Repositories.Entities\Repositories.Entities.csproj", "{ECF312A8-3177-4A86-B7F2-FAC4123B51F2}"
EndProject
Global
	GlobalSection(SolutionConfigurationPlatforms) = preSolution
		Debug|Any CPU = Debug|Any CPU
		Release|Any CPU = Release|Any CPU
	EndGlobalSection
	GlobalSection(ProjectConfigurationPlatforms) = postSolution
		{5DC81471-C015-4442-BD16-213A3AC1192D}.Debug|Any CPU.ActiveCfg = Debug|Any CPU
		{5DC81471-C015-4442-BD16-213A3AC1192D}.Debug|Any CPU.Build.0 = Debug|Any CPU
		{5DC81471-C015-4442-BD16-213A3AC1192D}.Release|Any CPU.ActiveCfg = Release|Any CPU
		{5DC81471-C015-4442-BD16-213A3AC1192D}.Release|Any CPU.Build.0 = Release|Any CPU
		{685360EB-0D9D-4518-8929-69FBAD98C38D}.Debug|Any CPU.ActiveCfg = Debug|Any CPU
		{685360EB-0D9D-4518-8929-69FBAD98C38D}.Debug|Any CPU.Build.0 = Debug|Any CPU
		{685360EB-0D9D-4518-8929-69FBAD98C38D}.Release|Any CPU.ActiveCfg = Release|Any CPU
		{685360EB-0D9D-4518-8929-69FBAD98C38D}.Release|Any CPU.Build.0 = Release|Any CPU
		{27329A2E-DDBF-4219-9853-1655F0CD14DD}.Debug|Any CPU.ActiveCfg = Debug|Any CPU
		{27329A2E-DDBF-4219-9853-1655F0CD14DD}.Debug|Any CPU.Build.0 = Debug|Any CPU
		{27329A2E-DDBF-4219-9853-1655F0CD14DD}.Release|Any CPU.ActiveCfg = Release|Any CPU
		{27329A2E-DDBF-4219-9853-1655F0CD14DD}.Release|Any CPU.Build.0 = Release|Any CPU
		{4BCBEC82-3AA1-4242-9165-1E2666F69611}.Debug|Any CPU.ActiveCfg = Debug|Any CPU
		{4BCBEC82-3AA1-4242-9165-1E2666F69611}.Debug|Any CPU.Build.0 = Debug|Any CPU
		{4BCBEC82-3AA1-4242-9165-1E2666F69611}.Release|Any CPU.ActiveCfg = Release|Any CPU
		{4BCBEC82-3AA1-4242-9165-1E2666F69611}.Release|Any CPU.Build.0 = Release|Any CPU
		{51CB5E65-E7C7-4E4F-8339-161EA5E3A286}.Debug|Any CPU.ActiveCfg = Debug|Any CPU
		{51CB5E65-E7C7-4E4F-8339-161EA5E3A286}.Debug|Any CPU.Build.0 = Debug|Any CPU
		{51CB5E65-E7C7-4E4F-8339-161EA5E3A286}.Release|Any CPU.ActiveCfg = Release|Any CPU
		{51CB5E65-E7C7-4E4F-8339-161EA5E3A286}.Release|Any CPU.Build.0 = Release|Any CPU
		{DCA775A6-BE76-4873-8CA5-E3576FEF08C7}.Debug|Any CPU.ActiveCfg = Debug|Any CPU
		{DCA775A6-BE76-4873-8CA5-E3576FEF08C7}.Debug|Any CPU.Build.0 = Debug|Any CPU
		{DCA775A6-BE76-4873-8CA5-E3576FEF08C7}.Release|Any CPU.ActiveCfg = Release|Any CPU
		{DCA775A6-BE76-4873-8CA5-E3576FEF08C7}.Release|Any CPU.Build.0 = Release|Any CPU
		{FCB767EE-7B07-4773-8987-90B11B55F140}.Debug|Any CPU.ActiveCfg = Debug|Any CPU
		{FCB767EE-7B07-4773-8987-90B11B55F140}.Debug|Any CPU.Build.0 = Debug|Any CPU
		{FCB767EE-7B07-4773-8987-90B11B55F140}.Release|Any CPU.ActiveCfg = Release|Any CPU
		{FCB767EE-7B07-4773-8987-90B11B55F140}.Release|Any CPU.Build.0 = Release|Any CPU
		{CF330160-A140-48B3-AEAF-C39661170E39}.Debug|Any CPU.ActiveCfg = Debug|Any CPU
		{CF330160-A140-48B3-AEAF-C39661170E39}.Debug|Any CPU.Build.0 = Debug|Any CPU
		{CF330160-A140-48B3-AEAF-C39661170E39}.Release|Any CPU.ActiveCfg = Release|Any CPU
		{CF330160-A140-48B3-AEAF-C39661170E39}.Release|Any CPU.Build.0 = Release|Any CPU
		{ECF312A8-3177-4A86-B7F2-FAC4123B51F2}.Debug|Any CPU.ActiveCfg = Debug|Any CPU
		{ECF312A8-3177-4A86-B7F2-FAC4123B51F2}.Debug|Any CPU.Build.0 = Debug|Any CPU
		{ECF312A8-3177-4A86-B7F2-FAC4123B51F2}.Release|Any CPU.ActiveCfg = Release|Any CPU
		{ECF312A8-3177-4A86-B7F2-FAC4123B51F2}.Release|Any CPU.Build.0 = Release|Any CPU
	EndGlobalSection
	GlobalSection(SolutionProperties) = preSolution
		HideSolutionNode = FALSE
	EndGlobalSection
	GlobalSection(NestedProjects) = preSolution
		{685360EB-0D9D-4518-8929-69FBAD98C38D} = {2FABB14B-ED37-4E07-9D65-6F82936E3FEF}
		{27329A2E-DDBF-4219-9853-1655F0CD14DD} = {2FABB14B-ED37-4E07-9D65-6F82936E3FEF}
		{4BCBEC82-3AA1-4242-9165-1E2666F69611} = {2FABB14B-ED37-4E07-9D65-6F82936E3FEF}
		{51CB5E65-E7C7-4E4F-8339-161EA5E3A286} = {50E942B1-7924-40B1-BFEE-99E899653120}
		{DCA775A6-BE76-4873-8CA5-E3576FEF08C7} = {50E942B1-7924-40B1-BFEE-99E899653120}
		{FCB767EE-7B07-4773-8987-90B11B55F140} = {50E942B1-7924-40B1-BFEE-99E899653120}
		{CF330160-A140-48B3-AEAF-C39661170E39} = {50E942B1-7924-40B1-BFEE-99E899653120}
		{ECF312A8-3177-4A86-B7F2-FAC4123B51F2} = {2FABB14B-ED37-4E07-9D65-6F82936E3FEF}
	EndGlobalSection
	GlobalSection(ExtensibilityGlobals) = postSolution
		SolutionGuid = {7A65F2C5-B31A-484A-9C41-A1D6E22CEFFD}
	EndGlobalSection
EndGlobal
